
Microsoft Visual Studio Solution File, Format Version 12.00
# Visual Studio Version 17
VisualStudioVersion = 17.8.34525.116
MinimumVisualStudioVersion = 10.0.40219.1
Project("{FAE04EC0-301F-11D3-BF4B-00C04F79EFBC}") = "console", "console\console.csproj", "{BA9ED85E-B1C5-4672-A1C4-B09A8900FA44}"
EndProject
Global
	GlobalSection(SolutionConfigurationPlatforms) = preSolution
		Debug|Any CPU = Debug|Any CPU
		Release|Any CPU = Release|Any CPU
	EndGlobalSection
	GlobalSection(ProjectConfigurationPlatforms) = postSolution
		{BA9ED85E-B1C5-4672-A1C4-B09A8900FA44}.Debug|Any CPU.ActiveCfg = Debug|Any CPU
		{BA9ED85E-B1C5-4672-A1C4-B09A8900FA44}.Debug|Any CPU.Build.0 = Debug|Any CPU
		{BA9ED85E-B1C5-4672-A1C4-B09A8900FA44}.Release|Any CPU.ActiveCfg = Release|Any CPU
		{BA9ED85E-B1C5-4672-A1C4-B09A8900FA44}.Release|Any CPU.Build.0 = Release|Any CPU
	EndGlobalSection
	GlobalSection(SolutionProperties) = preSolution
		HideSolutionNode = FALSE
	EndGlobalSection
	GlobalSection(ExtensibilityGlobals) = postSolution
		SolutionGuid = {9368B324-9A85-4FF6-8677-C02E74433488}
	EndGlobalSection
EndGlobal
